{
    "_readme": [
        "This file locks the dependencies of your project to a known state",
        "Read more about it at https://getcomposer.org/doc/01-basic-usage.md#installing-dependencies",
        "This file is @generated automatically"
    ],
    "content-hash": "e22eb416c11d5686d99a3a09eadc5a55",
    "packages": [
        {
            "name": "amphp/amp",
            "version": "v3.1.1",
            "source": {
                "type": "git",
                "url": "https://github.com/amphp/amp.git",
                "reference": "fa0ab33a6f47a82929c38d03ca47ebb71086a93f"
            },
            "dist": {
                "type": "zip",
                "url": "https://api.github.com/repos/amphp/amp/zipball/fa0ab33a6f47a82929c38d03ca47ebb71086a93f",
                "reference": "fa0ab33a6f47a82929c38d03ca47ebb71086a93f",
                "shasum": ""
            },
            "require": {
                "php": ">=8.1",
                "revolt/event-loop": "^1 || ^0.2"
            },
            "require-dev": {
                "amphp/php-cs-fixer-config": "^2",
                "phpunit/phpunit": "^9",
                "psalm/phar": "5.23.1"
            },
            "type": "library",
            "autoload": {
                "files": [
                    "src/functions.php",
                    "src/Future/functions.php",
                    "src/Internal/functions.php"
                ],
                "psr-4": {
                    "Amp\\": "src"
                }
            },
            "notification-url": "https://packagist.org/downloads/",
            "license": [
                "MIT"
            ],
            "authors": [
                {
                    "name": "Aaron Piotrowski",
                    "email": "aaron@trowski.com"
                },
                {
                    "name": "Bob Weinand",
                    "email": "bobwei9@hotmail.com"
                },
                {
                    "name": "Niklas Keller",
                    "email": "me@kelunik.com"
                },
                {
                    "name": "Daniel Lowrey",
                    "email": "rdlowrey@php.net"
                }
            ],
            "description": "A non-blocking concurrency framework for PHP applications.",
            "homepage": "https://amphp.org/amp",
            "keywords": [
                "async",
                "asynchronous",
                "awaitable",
                "concurrency",
                "event",
                "event-loop",
                "future",
                "non-blocking",
                "promise"
            ],
            "support": {
                "issues": "https://github.com/amphp/amp/issues",
                "source": "https://github.com/amphp/amp/tree/v3.1.1"
            },
            "funding": [
                {
                    "url": "https://github.com/amphp",
                    "type": "github"
                }
            ],
            "time": "2025-08-27T21:42:00+00:00"
        },
        {
            "name": "amphp/pipeline",
            "version": "v1.2.3",
            "source": {
                "type": "git",
                "url": "https://github.com/amphp/pipeline.git",
                "reference": "7b52598c2e9105ebcddf247fc523161581930367"
            },
            "dist": {
                "type": "zip",
                "url": "https://api.github.com/repos/amphp/pipeline/zipball/7b52598c2e9105ebcddf247fc523161581930367",
                "reference": "7b52598c2e9105ebcddf247fc523161581930367",
                "shasum": ""
            },
            "require": {
                "amphp/amp": "^3",
                "php": ">=8.1",
                "revolt/event-loop": "^1"
            },
            "require-dev": {
                "amphp/php-cs-fixer-config": "^2",
                "amphp/phpunit-util": "^3",
                "phpunit/phpunit": "^9",
                "psalm/phar": "^5.18"
            },
            "type": "library",
            "autoload": {
                "psr-4": {
                    "Amp\\Pipeline\\": "src"
                }
            },
            "notification-url": "https://packagist.org/downloads/",
            "license": [
                "MIT"
            ],
            "authors": [
                {
                    "name": "Aaron Piotrowski",
                    "email": "aaron@trowski.com"
                },
                {
                    "name": "Niklas Keller",
                    "email": "me@kelunik.com"
                }
            ],
            "description": "Asynchronous iterators and operators.",
            "homepage": "https://amphp.org/pipeline",
            "keywords": [
                "amp",
                "amphp",
                "async",
                "io",
                "iterator",
                "non-blocking"
            ],
            "support": {
                "issues": "https://github.com/amphp/pipeline/issues",
                "source": "https://github.com/amphp/pipeline/tree/v1.2.3"
            },
            "funding": [
                {
                    "url": "https://github.com/amphp",
                    "type": "github"
                }
            ],
            "time": "2025-03-16T16:33:53+00:00"
        },
        {
            "name": "amphp/postgres",
            "version": "v2.2.1",
            "source": {
                "type": "git",
                "url": "https://github.com/amphp/postgres.git",
                "reference": "b68c4d5929d0ec1701781dbbb0bb81dd8d0a42d7"
            },
            "dist": {
                "type": "zip",
                "url": "https://api.github.com/repos/amphp/postgres/zipball/b68c4d5929d0ec1701781dbbb0bb81dd8d0a42d7",
                "reference": "b68c4d5929d0ec1701781dbbb0bb81dd8d0a42d7",
                "shasum": ""
            },
            "require": {
                "amphp/amp": "^3",
                "amphp/pipeline": "^1",
                "amphp/sql": "^2",
                "amphp/sql-common": "^2",
                "php": ">=8.1"
            },
            "require-dev": {
                "amphp/php-cs-fixer-config": "^2",
                "amphp/phpunit-util": "^3",
                "ext-pgsql": "*",
                "ext-pq": "*",
                "phpunit/phpunit": "^9",
                "psalm/phar": "6.15.1"
            },
            "type": "library",
            "autoload": {
                "files": [
                    "src/functions.php",
                    "src/Internal/functions.php"
                ],
                "psr-4": {
                    "Amp\\Postgres\\": "src"
                }
            },
            "notification-url": "https://packagist.org/downloads/",
            "license": [
                "MIT"
            ],
            "authors": [
                {
                    "name": "Aaron Piotrowski",
                    "email": "aaron@trowski.com"
                }
            ],
            "description": "Asynchronous PostgreSQL client for Amp.",
            "homepage": "https://amphp.org",
            "keywords": [
                "async",
                "asynchronous",
                "database",
                "db",
                "pgsql",
                "postgre",
                "postgresql"
            ],
            "support": {
                "issues": "https://github.com/amphp/postgres/issues",
                "source": "https://github.com/amphp/postgres/tree/v2.2.1"
            },
            "funding": [
                {
                    "url": "https://github.com/amphp",
                    "type": "github"
                }
            ],
            "time": "2026-02-25T04:47:18+00:00"
        },
        {
            "name": "amphp/sql",
            "version": "v2.1.1",
            "source": {
                "type": "git",
                "url": "https://github.com/amphp/sql.git",
                "reference": "258bafe5ecf8a0491d86681f2a2af1dee2933a69"
            },
            "dist": {
                "type": "zip",
                "url": "https://api.github.com/repos/amphp/sql/zipball/258bafe5ecf8a0491d86681f2a2af1dee2933a69",
                "reference": "258bafe5ecf8a0491d86681f2a2af1dee2933a69",
                "shasum": ""
            },
            "require": {
                "amphp/amp": "^3",
                "php": ">=8.1"
            },
            "require-dev": {
                "amphp/php-cs-fixer-config": "^2",
                "phpunit/phpunit": "^9",
                "psalm/phar": "6.15.1"
            },
            "type": "library",
            "autoload": {
                "psr-4": {
                    "Amp\\Sql\\": "src"
                }
            },
            "notification-url": "https://packagist.org/downloads/",
            "license": [
                "MIT"
            ],
            "description": "Asynchronous SQL client for Amp.",
            "homepage": "https://amphp.org",
            "keywords": [
                "async",
                "asynchronous",
                "database",
                "db",
                "sql"
            ],
            "support": {
                "issues": "https://github.com/amphp/sql/issues",
                "source": "https://github.com/amphp/sql/tree/v2.1.1"
            },
            "funding": [
                {
                    "url": "https://github.com/amphp",
                    "type": "github"
                }
            ],
            "time": "2026-02-25T04:44:15+00:00"
        },
        {
            "name": "amphp/sql-common",
            "version": "v2.0.4",
            "source": {
                "type": "git",
                "url": "https://github.com/amphp/sql-common.git",
                "reference": "735da17ef0a66e7139c9f7584af5c3f9827f83c0"
            },
            "dist": {
                "type": "zip",
                "url": "https://api.github.com/repos/amphp/sql-common/zipball/735da17ef0a66e7139c9f7584af5c3f9827f83c0",
                "reference": "735da17ef0a66e7139c9f7584af5c3f9827f83c0",
                "shasum": ""
            },
            "require": {
                "amphp/amp": "^3",
                "amphp/sql": "^2",
                "php": ">=8.1"
            },
            "require-dev": {
                "amphp/php-cs-fixer-config": "^2",
                "amphp/phpunit-util": "^3",
                "phpunit/phpunit": "^9",
                "psalm/phar": "5.23"
            },
            "type": "library",
            "autoload": {
                "psr-4": {
                    "Amp\\Sql\\Common\\": "src"
                }
            },
            "notification-url": "https://packagist.org/downloads/",
            "license": [
                "MIT"
            ],
            "description": "Common classes for non-blocking SQL implementations.",
            "homepage": "https://amphp.org",
            "keywords": [
                "async",
                "asynchronous",
                "database",
                "db",
                "sql"
            ],
            "support": {
                "issues": "https://github.com/amphp/sql-common/issues",
                "source": "https://github.com/amphp/sql-common/tree/v2.0.4"
            },
            "funding": [
                {
                    "url": "https://github.com/amphp",
                    "type": "github"
                }
            ],
            "time": "2025-12-11T20:05:29+00:00"
        },
        {
            "name": "revolt/event-loop",
            "version": "v1.0.8",
            "source": {
                "type": "git",
                "url": "https://github.com/revoltphp/event-loop.git",
                "reference": "b6fc06dce8e9b523c9946138fa5e62181934f91c"
            },
            "dist": {
                "type": "zip",
                "url": "https://api.github.com/repos/revoltphp/event-loop/zipball/b6fc06dce8e9b523c9946138fa5e62181934f91c",
                "reference": "b6fc06dce8e9b523c9946138fa5e62181934f91c",
                "shasum": ""
            },
            "require": {
                "php": ">=8.1"
            },
            "require-dev": {
                "ext-json": "*",
                "jetbrains/phpstorm-stubs": "^2019.3",
                "phpunit/phpunit": "^9",
                "psalm/phar": "^5.15"
            },
            "type": "library",
            "extra": {
                "branch-alias": {
                    "dev-main": "1.x-dev"
                }
            },
            "autoload": {
                "psr-4": {
                    "Revolt\\": "src"
                }
            },
            "notification-url": "https://packagist.org/downloads/",
            "license": [
                "MIT"
            ],
            "authors": [
                {
                    "name": "Aaron Piotrowski",
                    "email": "aaron@trowski.com"
                },
                {
                    "name": "Cees-Jan Kiewiet",
                    "email": "ceesjank@gmail.com"
                },
                {
                    "name": "Christian Lück",
                    "email": "christian@clue.engineering"
                },
                {
                    "name": "Niklas Keller",
                    "email": "me@kelunik.com"
                }
            ],
            "description": "Rock-solid event loop for concurrent PHP applications.",
            "keywords": [
                "async",
                "asynchronous",
                "concurrency",
                "event",
                "event-loop",
                "non-blocking",
                "scheduler"
            ],
            "support": {
                "issues": "https://github.com/revoltphp/event-loop/issues",
                "source": "https://github.com/revoltphp/event-loop/tree/v1.0.8"
            },
            "time": "2025-08-27T21:33:23+00:00"
        }
    ],
    "packages-dev": [],
    "aliases": [],
    "minimum-stability": "stable",
    "stability-flags": {},
    "prefer-stable": false,
    "prefer-lowest": false,
    "platform": {
        "php": "^8.1|^8.2|^8.3"
    },
    "platform-dev": {},
    "plugin-api-version": "2.6.0"
}
