{
    "_readme": [
        "This file locks the dependencies of your project to a known state",
        "Read more about it at https://getcomposer.org/doc/01-basic-usage.md#installing-dependencies",
        "This file is @generated automatically"
    ],
    "content-hash": "e22eb416c11d5686d99a3a09eadc5a55",
    "packages": [
        {
            "name": "amphp/amp",
            "version": "v3.0.2",
            "source": {
                "type": "git",
                "url": "https://github.com/amphp/amp.git",
                "reference": "138801fb68cfc9c329da8a7b39d01ce7291ee4b0"
            },
            "dist": {
                "type": "zip",
                "url": "https://api.github.com/repos/amphp/amp/zipball/138801fb68cfc9c329da8a7b39d01ce7291ee4b0",
                "reference": "138801fb68cfc9c329da8a7b39d01ce7291ee4b0",
                "shasum": ""
            },
            "require": {
                "php": ">=8.1",
                "revolt/event-loop": "^1 || ^0.2"
            },
            "require-dev": {
                "amphp/php-cs-fixer-config": "^2",
                "phpunit/phpunit": "^9",
                "psalm/phar": "5.23.1"
            },
            "type": "library",
            "autoload": {
                "files": [
                    "src/functions.php",
                    "src/Future/functions.php",
                    "src/Internal/functions.php"
                ],
                "psr-4": {
                    "Amp\\": "src"
                }
            },
            "notification-url": "https://packagist.org/downloads/",
            "license": [
                "MIT"
            ],
            "authors": [
                {
                    "name": "Aaron Piotrowski",
                    "email": "aaron@trowski.com"
                },
                {
                    "name": "Bob Weinand",
                    "email": "bobwei9@hotmail.com"
                },
                {
                    "name": "Niklas Keller",
                    "email": "me@kelunik.com"
                },
                {
                    "name": "Daniel Lowrey",
                    "email": "rdlowrey@php.net"
                }
            ],
            "description": "A non-blocking concurrency framework for PHP applications.",
            "homepage": "https://amphp.org/amp",
            "keywords": [
                "async",
                "asynchronous",
                "awaitable",
                "concurrency",
                "event",
                "event-loop",
                "future",
                "non-blocking",
                "promise"
            ],
            "support": {
                "issues": "https://github.com/amphp/amp/issues",
                "source": "https://github.com/amphp/amp/tree/v3.0.2"
            },
            "funding": [
                {
                    "url": "https://github.com/amphp",
                    "type": "github"
                }
            ],
            "time": "2024-05-10T21:37:46+00:00"
        },
        {
            "name": "amphp/pipeline",
            "version": "v1.2.1",
            "source": {
                "type": "git",
                "url": "https://github.com/amphp/pipeline.git",
                "reference": "66c095673aa5b6e689e63b52d19e577459129ab3"
            },
            "dist": {
                "type": "zip",
                "url": "https://api.github.com/repos/amphp/pipeline/zipball/66c095673aa5b6e689e63b52d19e577459129ab3",
                "reference": "66c095673aa5b6e689e63b52d19e577459129ab3",
                "shasum": ""
            },
            "require": {
                "amphp/amp": "^3",
                "php": ">=8.1",
                "revolt/event-loop": "^1"
            },
            "require-dev": {
                "amphp/php-cs-fixer-config": "^2",
                "amphp/phpunit-util": "^3",
                "phpunit/phpunit": "^9",
                "psalm/phar": "^5.18"
            },
            "type": "library",
            "autoload": {
                "psr-4": {
                    "Amp\\Pipeline\\": "src"
                }
            },
            "notification-url": "https://packagist.org/downloads/",
            "license": [
                "MIT"
            ],
            "authors": [
                {
                    "name": "Aaron Piotrowski",
                    "email": "aaron@trowski.com"
                },
                {
                    "name": "Niklas Keller",
                    "email": "me@kelunik.com"
                }
            ],
            "description": "Asynchronous iterators and operators.",
            "homepage": "https://amphp.org/pipeline",
            "keywords": [
                "amp",
                "amphp",
                "async",
                "io",
                "iterator",
                "non-blocking"
            ],
            "support": {
                "issues": "https://github.com/amphp/pipeline/issues",
                "source": "https://github.com/amphp/pipeline/tree/v1.2.1"
            },
            "funding": [
                {
                    "url": "https://github.com/amphp",
                    "type": "github"
                }
            ],
            "time": "2024-07-04T00:56:47+00:00"
        },
        {
            "name": "amphp/postgres",
            "version": "v2.1.1",
            "source": {
                "type": "git",
                "url": "https://github.com/amphp/postgres.git",
                "reference": "c62555c6497782399a166f15c8da8e64be456141"
            },
            "dist": {
                "type": "zip",
                "url": "https://api.github.com/repos/amphp/postgres/zipball/c62555c6497782399a166f15c8da8e64be456141",
                "reference": "c62555c6497782399a166f15c8da8e64be456141",
                "shasum": ""
            },
            "require": {
                "amphp/amp": "^3",
                "amphp/pipeline": "^1",
                "amphp/sql": "^2",
                "amphp/sql-common": "^2",
                "php": ">=8.1"
            },
            "require-dev": {
                "amphp/php-cs-fixer-config": "^2",
                "amphp/phpunit-util": "^3",
                "ext-pgsql": "*",
                "ext-pq": "*",
                "phpunit/phpunit": "^9",
                "psalm/phar": "5.23"
            },
            "type": "library",
            "autoload": {
                "files": [
                    "src/functions.php",
                    "src/Internal/functions.php"
                ],
                "psr-4": {
                    "Amp\\Postgres\\": "src"
                }
            },
            "notification-url": "https://packagist.org/downloads/",
            "license": [
                "MIT"
            ],
            "authors": [
                {
                    "name": "Aaron Piotrowski",
                    "email": "aaron@trowski.com"
                }
            ],
            "description": "Asynchronous PostgreSQL client for Amp.",
            "homepage": "https://amphp.org",
            "keywords": [
                "async",
                "asynchronous",
                "database",
                "db",
                "pgsql",
                "postgre",
                "postgresql"
            ],
            "support": {
                "issues": "https://github.com/amphp/postgres/issues",
                "source": "https://github.com/amphp/postgres/tree/v2.1.1"
            },
            "funding": [
                {
                    "url": "https://github.com/amphp",
                    "type": "github"
                }
            ],
            "time": "2024-11-21T04:45:08+00:00"
        },
        {
            "name": "amphp/sql",
            "version": "v2.0.1",
            "source": {
                "type": "git",
                "url": "https://github.com/amphp/sql.git",
                "reference": "2a7962dba23bf017bbdd3c3a0af0eb212481627b"
            },
            "dist": {
                "type": "zip",
                "url": "https://api.github.com/repos/amphp/sql/zipball/2a7962dba23bf017bbdd3c3a0af0eb212481627b",
                "reference": "2a7962dba23bf017bbdd3c3a0af0eb212481627b",
                "shasum": ""
            },
            "require": {
                "amphp/amp": "^3",
                "php": ">=8.1"
            },
            "require-dev": {
                "amphp/php-cs-fixer-config": "^2",
                "phpunit/phpunit": "^9",
                "psalm/phar": "5.23"
            },
            "type": "library",
            "autoload": {
                "psr-4": {
                    "Amp\\Sql\\": "src"
                }
            },
            "notification-url": "https://packagist.org/downloads/",
            "license": [
                "MIT"
            ],
            "description": "Asynchronous SQL client for Amp.",
            "homepage": "https://amphp.org",
            "keywords": [
                "async",
                "asynchronous",
                "database",
                "db",
                "sql"
            ],
            "support": {
                "issues": "https://github.com/amphp/sql/issues",
                "source": "https://github.com/amphp/sql/tree/v2.0.1"
            },
            "funding": [
                {
                    "url": "https://github.com/amphp",
                    "type": "github"
                }
            ],
            "time": "2024-11-23T16:16:34+00:00"
        },
        {
            "name": "amphp/sql-common",
            "version": "v2.0.2",
            "source": {
                "type": "git",
                "url": "https://github.com/amphp/sql-common.git",
                "reference": "069183d57f17f85c60842ea3a8ce5ff52dba5399"
            },
            "dist": {
                "type": "zip",
                "url": "https://api.github.com/repos/amphp/sql-common/zipball/069183d57f17f85c60842ea3a8ce5ff52dba5399",
                "reference": "069183d57f17f85c60842ea3a8ce5ff52dba5399",
                "shasum": ""
            },
            "require": {
                "amphp/amp": "^3",
                "amphp/sql": "^2",
                "php": ">=8.1"
            },
            "require-dev": {
                "amphp/php-cs-fixer-config": "^2",
                "amphp/phpunit-util": "^3",
                "phpunit/phpunit": "^9",
                "psalm/phar": "5.23"
            },
            "type": "library",
            "autoload": {
                "psr-4": {
                    "Amp\\Sql\\Common\\": "src"
                }
            },
            "notification-url": "https://packagist.org/downloads/",
            "license": [
                "MIT"
            ],
            "description": "Common classes for non-blocking SQL implementations.",
            "homepage": "https://amphp.org",
            "keywords": [
                "async",
                "asynchronous",
                "database",
                "db",
                "sql"
            ],
            "support": {
                "issues": "https://github.com/amphp/sql-common/issues",
                "source": "https://github.com/amphp/sql-common/tree/v2.0.2"
            },
            "funding": [
                {
                    "url": "https://github.com/amphp",
                    "type": "github"
                }
            ],
            "time": "2024-10-27T16:04:14+00:00"
        },
        {
            "name": "revolt/event-loop",
            "version": "v1.0.6",
            "source": {
                "type": "git",
                "url": "https://github.com/revoltphp/event-loop.git",
                "reference": "25de49af7223ba039f64da4ae9a28ec2d10d0254"
            },
            "dist": {
                "type": "zip",
                "url": "https://api.github.com/repos/revoltphp/event-loop/zipball/25de49af7223ba039f64da4ae9a28ec2d10d0254",
                "reference": "25de49af7223ba039f64da4ae9a28ec2d10d0254",
                "shasum": ""
            },
            "require": {
                "php": ">=8.1"
            },
            "require-dev": {
                "ext-json": "*",
                "jetbrains/phpstorm-stubs": "^2019.3",
                "phpunit/phpunit": "^9",
                "psalm/phar": "^5.15"
            },
            "type": "library",
            "extra": {
                "branch-alias": {
                    "dev-main": "1.x-dev"
                }
            },
            "autoload": {
                "psr-4": {
                    "Revolt\\": "src"
                }
            },
            "notification-url": "https://packagist.org/downloads/",
            "license": [
                "MIT"
            ],
            "authors": [
                {
                    "name": "Aaron Piotrowski",
                    "email": "aaron@trowski.com"
                },
                {
                    "name": "Cees-Jan Kiewiet",
                    "email": "ceesjank@gmail.com"
                },
                {
                    "name": "Christian Lück",
                    "email": "christian@clue.engineering"
                },
                {
                    "name": "Niklas Keller",
                    "email": "me@kelunik.com"
                }
            ],
            "description": "Rock-solid event loop for concurrent PHP applications.",
            "keywords": [
                "async",
                "asynchronous",
                "concurrency",
                "event",
                "event-loop",
                "non-blocking",
                "scheduler"
            ],
            "support": {
                "issues": "https://github.com/revoltphp/event-loop/issues",
                "source": "https://github.com/revoltphp/event-loop/tree/v1.0.6"
            },
            "time": "2023-11-30T05:34:44+00:00"
        }
    ],
    "packages-dev": [],
    "aliases": [],
    "minimum-stability": "stable",
    "stability-flags": [],
    "prefer-stable": false,
    "prefer-lowest": false,
    "platform": {
        "php": "^8.1|^8.2|^8.3"
    },
    "platform-dev": [],
    "plugin-api-version": "2.6.0"
}
